
Microsoft Visual Studio Solution File, Format Version 12.00
# Visual Studio Version 17
VisualStudioVersion = 17.7.34024.191
MinimumVisualStudioVersion = 10.0.40219.1
Project("{FAE04EC0-301F-11D3-BF4B-00C04F79EFBC}") = "MS0XLT_HFT_2023241.Client", "MS0XLT_HFT_2023241.Client\MS0XLT_HFT_2023241.Client.csproj", "{399E3EE4-A91E-4DD5-AB0D-C5C0EC77CA9F}"
EndProject
Project("{FAE04EC0-301F-11D3-BF4B-00C04F79EFBC}") = "MS0XLT_HFT_2023241.Models", "MS0XLT_HFT_2023241.Models\MS0XLT_HFT_2023241.Models.csproj", "{3876E562-9B4C-4F69-8BED-04E91FC38C52}"
EndProject
Project("{FAE04EC0-301F-11D3-BF4B-00C04F79EFBC}") = "MS0XLT_HFT_2023241.Logic", "MS0XLT_HFT_2023241.Logic\MS0XLT_HFT_2023241.Logic.csproj", "{B15BB909-B7EF-4284-8B4A-F1D4B354DB94}"
EndProject
Project("{FAE04EC0-301F-11D3-BF4B-00C04F79EFBC}") = "MS0XLT_HFT_2023241.Repository", "MS0XLT_HFT_2023241.Repository\MS0XLT_HFT_2023241.Repository.csproj", "{29F4F0FA-C280-4D65-A460-57E46775BEF8}"
EndProject
Project("{FAE04EC0-301F-11D3-BF4B-00C04F79EFBC}") = "MS0XLT_HFT_2023241.Test", "MS0XLT_HFT_2023241.Test\MS0XLT_HFT_2023241.Test.csproj", "{A197C86E-9FF4-44C8-A994-A8C223260B68}"
EndProject
Project("{FAE04EC0-301F-11D3-BF4B-00C04F79EFBC}") = "MS0XLT_HFT_2023241.Endpoint", "MS0XLT_HFT_2023241.Endpoint\MS0XLT_HFT_2023241.Endpoint.csproj", "{162B6697-A4EF-4712-A6D8-B21CB94F5E3D}"
EndProject
Global
	GlobalSection(SolutionConfigurationPlatforms) = preSolution
		Debug|Any CPU = Debug|Any CPU
		Release|Any CPU = Release|Any CPU
	EndGlobalSection
	GlobalSection(ProjectConfigurationPlatforms) = postSolution
		{399E3EE4-A91E-4DD5-AB0D-C5C0EC77CA9F}.Debug|Any CPU.ActiveCfg = Debug|Any CPU
		{399E3EE4-A91E-4DD5-AB0D-C5C0EC77CA9F}.Debug|Any CPU.Build.0 = Debug|Any CPU
		{399E3EE4-A91E-4DD5-AB0D-C5C0EC77CA9F}.Release|Any CPU.ActiveCfg = Release|Any CPU
		{399E3EE4-A91E-4DD5-AB0D-C5C0EC77CA9F}.Release|Any CPU.Build.0 = Release|Any CPU
		{3876E562-9B4C-4F69-8BED-04E91FC38C52}.Debug|Any CPU.ActiveCfg = Debug|Any CPU
		{3876E562-9B4C-4F69-8BED-04E91FC38C52}.Debug|Any CPU.Build.0 = Debug|Any CPU
		{3876E562-9B4C-4F69-8BED-04E91FC38C52}.Release|Any CPU.ActiveCfg = Release|Any CPU
		{3876E562-9B4C-4F69-8BED-04E91FC38C52}.Release|Any CPU.Build.0 = Release|Any CPU
		{B15BB909-B7EF-4284-8B4A-F1D4B354DB94}.Debug|Any CPU.ActiveCfg = Debug|Any CPU
		{B15BB909-B7EF-4284-8B4A-F1D4B354DB94}.Debug|Any CPU.Build.0 = Debug|Any CPU
		{B15BB909-B7EF-4284-8B4A-F1D4B354DB94}.Release|Any CPU.ActiveCfg = Release|Any CPU
		{B15BB909-B7EF-4284-8B4A-F1D4B354DB94}.Release|Any CPU.Build.0 = Release|Any CPU
		{29F4F0FA-C280-4D65-A460-57E46775BEF8}.Debug|Any CPU.ActiveCfg = Debug|Any CPU
		{29F4F0FA-C280-4D65-A460-57E46775BEF8}.Debug|Any CPU.Build.0 = Debug|Any CPU
		{29F4F0FA-C280-4D65-A460-57E46775BEF8}.Release|Any CPU.ActiveCfg = Release|Any CPU
		{29F4F0FA-C280-4D65-A460-57E46775BEF8}.Release|Any CPU.Build.0 = Release|Any CPU
		{A197C86E-9FF4-44C8-A994-A8C223260B68}.Debug|Any CPU.ActiveCfg = Debug|Any CPU
		{A197C86E-9FF4-44C8-A994-A8C223260B68}.Debug|Any CPU.Build.0 = Debug|Any CPU
		{A197C86E-9FF4-44C8-A994-A8C223260B68}.Release|Any CPU.ActiveCfg = Release|Any CPU
		{A197C86E-9FF4-44C8-A994-A8C223260B68}.Release|Any CPU.Build.0 = Release|Any CPU
		{162B6697-A4EF-4712-A6D8-B21CB94F5E3D}.Debug|Any CPU.ActiveCfg = Debug|Any CPU
		{162B6697-A4EF-4712-A6D8-B21CB94F5E3D}.Debug|Any CPU.Build.0 = Debug|Any CPU
		{162B6697-A4EF-4712-A6D8-B21CB94F5E3D}.Release|Any CPU.ActiveCfg = Release|Any CPU
		{162B6697-A4EF-4712-A6D8-B21CB94F5E3D}.Release|Any CPU.Build.0 = Release|Any CPU
	EndGlobalSection
	GlobalSection(SolutionProperties) = preSolution
		HideSolutionNode = FALSE
	EndGlobalSection
	GlobalSection(ExtensibilityGlobals) = postSolution
		SolutionGuid = {1302E887-DE9C-42D0-91A4-1334E407DA3D}
	EndGlobalSection
EndGlobal
