
Microsoft Visual Studio Solution File, Format Version 12.00
# Visual Studio Version 17
VisualStudioVersion = 17.7.34024.191
MinimumVisualStudioVersion = 10.0.40219.1
Project("{9A19103F-16F7-4668-BE54-9A1E7A4F7556}") = "MS0XLT_HFT_2023241.Client", "MS0XLT_HFT_2023241.Client\MS0XLT_HFT_2023241.Client.csproj", "{399E3EE4-A91E-4DD5-AB0D-C5C0EC77CA9F}"
EndProject
Project("{9A19103F-16F7-4668-BE54-9A1E7A4F7556}") = "MS0XLT_HFT_2023241.Models", "MS0XLT_HFT_2023241.Models\MS0XLT_HFT_2023241.Models.csproj", "{3876E562-9B4C-4F69-8BED-04E91FC38C52}"
EndProject
Project("{9A19103F-16F7-4668-BE54-9A1E7A4F7556}") = "MS0XLT_HFT_2023241.Logic", "MS0XLT_HFT_2023241.Logic\MS0XLT_HFT_2023241.Logic.csproj", "{B15BB909-B7EF-4284-8B4A-F1D4B354DB94}"
EndProject
Project("{9A19103F-16F7-4668-BE54-9A1E7A4F7556}") = "MS0XLT_HFT_2023241.Repository", "MS0XLT_HFT_2023241.Repository\MS0XLT_HFT_2023241.Repository.csproj", "{29F4F0FA-C280-4D65-A460-57E46775BEF8}"
EndProject
Project("{9A19103F-16F7-4668-BE54-9A1E7A4F7556}") = "MS0XLT_HFT_2023241.Test", "MS0XLT_HFT_2023241.Test\MS0XLT_HFT_2023241.Test.csproj", "{A197C86E-9FF4-44C8-A994-A8C223260B68}"
EndProject
Project("{2150E333-8FDC-42A3-9474-1A3956D46DE8}") = "Backend", "Backend", "{09719C5A-730D-4CE1-99DE-41CFB71C125A}"
EndProject
Project("{2150E333-8FDC-42A3-9474-1A3956D46DE8}") = "Shared", "Shared", "{A869DAFA-6082-46CC-B0DB-5E6BAF011459}"
EndProject
Project("{2150E333-8FDC-42A3-9474-1A3956D46DE8}") = "Frontend", "Frontend", "{4EED509C-B99B-49F3-9F8B-BAD78C1BBCAD}"
EndProject
Project("{2150E333-8FDC-42A3-9474-1A3956D46DE8}") = "others", "others", "{25471481-A6E9-477F-BCCF-347F79C2BD4A}"
	ProjectSection(SolutionItems) = preProject
		.gitignore = .gitignore
	EndProjectSection
EndProject
Project("{9A19103F-16F7-4668-BE54-9A1E7A4F7556}") = "MS0XLT_HFT_2023241.Endpoint", "MS0XLT_HFT_2023241.Endpoint\MS0XLT_HFT_2023241.Endpoint.csproj", "{13C25BEC-35A0-4A55-A847-875357E7D336}"
EndProject
Project("{9A19103F-16F7-4668-BE54-9A1E7A4F7556}") = "MS0XLT_HFT_202341.WpfClient", "MS0XLT_HFT_202341.WpfClient\MS0XLT_HFT_202341.WpfClient.csproj", "{6F603F88-703F-47E0-A384-FF00B19EE3ED}"
EndProject
Project("{9A19103F-16F7-4668-BE54-9A1E7A4F7556}") = "MS0XLT_HFT_202341.JSClient", "MS0XLT_HFT_202341.JSClient\MS0XLT_HFT_202341.JSClient.csproj", "{572DAF74-F58B-4E1F-A30F-2C871257543E}"
EndProject
Global
	GlobalSection(SolutionConfigurationPlatforms) = preSolution
		Debug|Any CPU = Debug|Any CPU
		Release|Any CPU = Release|Any CPU
	EndGlobalSection
	GlobalSection(ProjectConfigurationPlatforms) = postSolution
		{399E3EE4-A91E-4DD5-AB0D-C5C0EC77CA9F}.Debug|Any CPU.ActiveCfg = Debug|Any CPU
		{399E3EE4-A91E-4DD5-AB0D-C5C0EC77CA9F}.Debug|Any CPU.Build.0 = Debug|Any CPU
		{399E3EE4-A91E-4DD5-AB0D-C5C0EC77CA9F}.Release|Any CPU.ActiveCfg = Release|Any CPU
		{399E3EE4-A91E-4DD5-AB0D-C5C0EC77CA9F}.Release|Any CPU.Build.0 = Release|Any CPU
		{3876E562-9B4C-4F69-8BED-04E91FC38C52}.Debug|Any CPU.ActiveCfg = Debug|Any CPU
		{3876E562-9B4C-4F69-8BED-04E91FC38C52}.Debug|Any CPU.Build.0 = Debug|Any CPU
		{3876E562-9B4C-4F69-8BED-04E91FC38C52}.Release|Any CPU.ActiveCfg = Release|Any CPU
		{3876E562-9B4C-4F69-8BED-04E91FC38C52}.Release|Any CPU.Build.0 = Release|Any CPU
		{B15BB909-B7EF-4284-8B4A-F1D4B354DB94}.Debug|Any CPU.ActiveCfg = Debug|Any CPU
		{B15BB909-B7EF-4284-8B4A-F1D4B354DB94}.Debug|Any CPU.Build.0 = Debug|Any CPU
		{B15BB909-B7EF-4284-8B4A-F1D4B354DB94}.Release|Any CPU.ActiveCfg = Release|Any CPU
		{B15BB909-B7EF-4284-8B4A-F1D4B354DB94}.Release|Any CPU.Build.0 = Release|Any CPU
		{29F4F0FA-C280-4D65-A460-57E46775BEF8}.Debug|Any CPU.ActiveCfg = Debug|Any CPU
		{29F4F0FA-C280-4D65-A460-57E46775BEF8}.Debug|Any CPU.Build.0 = Debug|Any CPU
		{29F4F0FA-C280-4D65-A460-57E46775BEF8}.Release|Any CPU.ActiveCfg = Release|Any CPU
		{29F4F0FA-C280-4D65-A460-57E46775BEF8}.Release|Any CPU.Build.0 = Release|Any CPU
		{A197C86E-9FF4-44C8-A994-A8C223260B68}.Debug|Any CPU.ActiveCfg = Debug|Any CPU
		{A197C86E-9FF4-44C8-A994-A8C223260B68}.Debug|Any CPU.Build.0 = Debug|Any CPU
		{A197C86E-9FF4-44C8-A994-A8C223260B68}.Release|Any CPU.ActiveCfg = Release|Any CPU
		{A197C86E-9FF4-44C8-A994-A8C223260B68}.Release|Any CPU.Build.0 = Release|Any CPU
		{13C25BEC-35A0-4A55-A847-875357E7D336}.Debug|Any CPU.ActiveCfg = Debug|Any CPU
		{13C25BEC-35A0-4A55-A847-875357E7D336}.Debug|Any CPU.Build.0 = Debug|Any CPU
		{13C25BEC-35A0-4A55-A847-875357E7D336}.Release|Any CPU.ActiveCfg = Release|Any CPU
		{13C25BEC-35A0-4A55-A847-875357E7D336}.Release|Any CPU.Build.0 = Release|Any CPU
		{6F603F88-703F-47E0-A384-FF00B19EE3ED}.Debug|Any CPU.ActiveCfg = Debug|Any CPU
		{6F603F88-703F-47E0-A384-FF00B19EE3ED}.Debug|Any CPU.Build.0 = Debug|Any CPU
		{6F603F88-703F-47E0-A384-FF00B19EE3ED}.Release|Any CPU.ActiveCfg = Release|Any CPU
		{6F603F88-703F-47E0-A384-FF00B19EE3ED}.Release|Any CPU.Build.0 = Release|Any CPU
		{572DAF74-F58B-4E1F-A30F-2C871257543E}.Debug|Any CPU.ActiveCfg = Debug|Any CPU
		{572DAF74-F58B-4E1F-A30F-2C871257543E}.Debug|Any CPU.Build.0 = Debug|Any CPU
		{572DAF74-F58B-4E1F-A30F-2C871257543E}.Release|Any CPU.ActiveCfg = Release|Any CPU
		{572DAF74-F58B-4E1F-A30F-2C871257543E}.Release|Any CPU.Build.0 = Release|Any CPU
	EndGlobalSection
	GlobalSection(SolutionProperties) = preSolution
		HideSolutionNode = FALSE
	EndGlobalSection
	GlobalSection(NestedProjects) = preSolution
		{399E3EE4-A91E-4DD5-AB0D-C5C0EC77CA9F} = {4EED509C-B99B-49F3-9F8B-BAD78C1BBCAD}
		{3876E562-9B4C-4F69-8BED-04E91FC38C52} = {A869DAFA-6082-46CC-B0DB-5E6BAF011459}
		{B15BB909-B7EF-4284-8B4A-F1D4B354DB94} = {09719C5A-730D-4CE1-99DE-41CFB71C125A}
		{29F4F0FA-C280-4D65-A460-57E46775BEF8} = {09719C5A-730D-4CE1-99DE-41CFB71C125A}
		{A197C86E-9FF4-44C8-A994-A8C223260B68} = {09719C5A-730D-4CE1-99DE-41CFB71C125A}
		{13C25BEC-35A0-4A55-A847-875357E7D336} = {09719C5A-730D-4CE1-99DE-41CFB71C125A}
		{6F603F88-703F-47E0-A384-FF00B19EE3ED} = {4EED509C-B99B-49F3-9F8B-BAD78C1BBCAD}
		{572DAF74-F58B-4E1F-A30F-2C871257543E} = {4EED509C-B99B-49F3-9F8B-BAD78C1BBCAD}
	EndGlobalSection
	GlobalSection(ExtensibilityGlobals) = postSolution
		SolutionGuid = {1302E887-DE9C-42D0-91A4-1334E407DA3D}
	EndGlobalSection
EndGlobal
